
Microsoft Visual Studio Solution File, Format Version 12.00
# Visual Studio 14
VisualStudioVersion = 14.0.25123.0
MinimumVisualStudioVersion = 10.0.40219.1
Project("{CEA03849-BC91-4BF5-B775-B59D234871AD}") = "Sitecore.Support.38180", "Sitecore.Support.38180\Sitecore.Support.38180.csproj", "{D87E8479-2683-46D8-B513-BDF64CF2D8E8}"
EndProject
Global
	GlobalSection(SolutionConfigurationPlatforms) = preSolution
		Debug|Any CPU = Debug|Any CPU
		Release|Any CPU = Release|Any CPU
	EndGlobalSection
	GlobalSection(ProjectConfigurationPlatforms) = postSolution
		{D87E8479-2683-46D8-B513-BDF64CF2D8E8}.Debug|Any CPU.ActiveCfg = Debug|Any CPU
		{D87E8479-2683-46D8-B513-BDF64CF2D8E8}.Debug|Any CPU.Build.0 = Debug|Any CPU
		{D87E8479-2683-46D8-B513-BDF64CF2D8E8}.Release|Any CPU.ActiveCfg = Release|Any CPU
		{D87E8479-2683-46D8-B513-BDF64CF2D8E8}.Release|Any CPU.Build.0 = Release|Any CPU
	EndGlobalSection
	GlobalSection(SolutionProperties) = preSolution
		HideSolutionNode = FALSE
	EndGlobalSection
EndGlobal
